github.com/wowchemy/wowchemy-hugo-modules/wowchemy-cms/v5 v5.0.0-20220421125247-378aa6124fa1 h1:eUxNa/qZx8GPGr7nYPE21UBFT4k6UdfS9r1CMEK/bmA=
github.com/wowchemy/wowchemy-hugo-modules/wowchemy-cms/v5 v5.0.0-20220421125247-378aa6124fa1/go.mod h1:Sp/AKo+2HAPi/IPHp1MEdKPmee+mzO5+efUBUPLPqPE=
github.com/wowchemy/wowchemy-hugo-modules/wowchemy/v5 v5.0.0-20220421125247-378aa6124fa1 h1:oPbB6isyxfABnxPmnkjgdQTKUS++ZLVJuTbF1bwF8Y4=
github.com/wowchemy/wowchemy-hugo-modules/wowchemy/v5 v5.0.0-20220421125247-378aa6124fa1/go.mod h1:2iL9rdrUYyJXX2BeHKfK+QbqZlubCsaR60nQ87NRQTY=
